// !$*UTF8*$!
{
	archiveVersion = 1;
	classes = {
	};
	objectVersion = 46;
	objects = {

/* Begin PBXBuildFile section */
		9531F5CE1A3801F100EDFBD2 /* AppDelegate.m in Sources */ = {isa = PBXBuildFile; fileRef = 9531F5CD1A3801F100EDFBD2 /* AppDelegate.m */; };
		9531F5D01A3801F100EDFBD2 /* main.m in Sources */ = {isa = PBXBuildFile; fileRef = 9531F5CF1A3801F100EDFBD2 /* main.m */; };
		9531F5D21A3801F100EDFBD2 /* Images.xcassets in Resources */ = {isa = PBXBuildFile; fileRef = 9531F5D11A3801F100EDFBD2 /* Images.xcassets */; };
		9531F5D51A3801F100EDFBD2 /* MainMenu.xib in Resources */ = {isa = PBXBuildFile; fileRef = 9531F5D31A3801F100EDFBD2 /* MainMenu.xib */; };
		9531F5E11A3801F100EDFBD2 /* CurrencyConverterTests.m in Sources */ = {isa = PBXBuildFile; fileRef = 9531F5E01A3801F100EDFBD2 /* CurrencyConverterTests.m */; };
/* End PBXBuildFile section */

/* Begin PBXContainerItemProxy section */
		9531F5DB1A3801F100EDFBD2 /* PBXContainerItemProxy */ = {
			isa = PBXContainerItemProxy;
			containerPortal = 9531F5BF1A3801F100EDFBD2 /* Project object */;
			proxyType = 1;
			remoteGlobalIDString = 9531F5C61A3801F100EDFBD2;
			remoteInfo = CurrencyConverter;
		};
/* End PBXContainerItemProxy section */

/* Begin PBXFileReference section */
		9531F5C71A3801F100EDFBD2 /* CurrencyConverter.app */ = {isa = PBXFileReference; explicitFileType = wrapper.application; includeInIndex = 0; path = CurrencyConverter.app; sourceTree = BUILT_PRODUCTS_DIR; };
		9531F5CB1A3801F100EDFBD2 /* Info.plist */ = {isa = PBXFileReference; lastKnownFileType = text.plist.xml; path = Info.plist; sourceTree = "<group>"; };
		9531F5CC1A3801F100EDFBD2 /* AppDelegate.h */ = {isa = PBXFileReference; lastKnownFileType = sourcecode.c.h; path = AppDelegate.h; sourceTree = "<group>"; };
		9531F5CD1A3801F100EDFBD2 /* AppDelegate.m */ = {isa = PBXFileReference; lastKnownFileType = sourcecode.c.objc; path = AppDelegate.m; sourceTree = "<group>"; };
		9531F5CF1A3801F100EDFBD2 /* main.m */ = {isa = PBXFileReference; lastKnownFileType = sourcecode.c.objc; path = main.m; sourceTree = "<group>"; };
		9531F5D11A3801F100EDFBD2 /* Images.xcassets */ = {isa = PBXFileReference; lastKnownFileType = folder.assetcatalog; path = Images.xcassets; sourceTree = "<group>"; };
		9531F5D41A3801F100EDFBD2 /* Base */ = {isa = PBXFileReference; lastKnownFileType = file.xib; name = Base; path = Base.lproj/MainMenu.xib; sourceTree = "<group>"; };
		9531F5DA1A3801F100EDFBD2 /* CurrencyConverterTests.xctest */ = {isa = PBXFileReference; explicitFileType = wrapper.cfbundle; includeInIndex = 0; path = CurrencyConverterTests.xctest; sourceTree = BUILT_PRODUCTS_DIR; };
		9531F5DF1A3801F100EDFBD2 /* Info.plist */ = {isa = PBXFileReference; lastKnownFileType = text.plist.xml; path = Info.plist; sourceTree = "<group>"; };
		9531F5E01A3801F100EDFBD2 /* CurrencyConverterTests.m */ = {isa = PBXFileReference; lastKnownFileType = sourcecode.c.objc; path = CurrencyConverterTests.m; sourceTree = "<group>"; };
/* End PBXFileReference section */

/* Begin PBXFrameworksBuildPhase section */
		9531F5C41A3801F100EDFBD2 /* Frameworks */ = {
			isa = PBXFrameworksBuildPhase;
			buildActionMask = 2147483647;
			files = (
			);
			runOnlyForDeploymentPostprocessing = 0;
		};
		9531F5D71A3801F100EDFBD2 /* Frameworks */ = {
			isa = PBXFrameworksBuildPhase;
			buildActionMask = 2147483647;
			files = (
			);
			runOnlyForDeploymentPostprocessing = 0;
		};
/* End PBXFrameworksBuildPhase section */

/* Begin PBXGroup section */
		9531F5BE1A3801F100EDFBD2 = {
			isa = PBXGroup;
			children = (
				9531F5C91A3801F100EDFBD2 /* CurrencyConverter */,
				9531F5DD1A3801F100EDFBD2 /* CurrencyConverterTests */,
				9531F5C81A3801F100EDFBD2 /* Products */,
			);
			sourceTree = "<group>";
		};
		9531F5C81A3801F100EDFBD2 /* Products */ = {
			isa = PBXGroup;
			children = (
				9531F5C71A3801F100EDFBD2 /* CurrencyConverter.app */,
				9531F5DA1A3801F100EDFBD2 /* CurrencyConverterTests.xctest */,
			);
			name = Products;
			sourceTree = "<group>";
		};
		9531F5C91A3801F100EDFBD2 /* CurrencyConverter */ = {
			isa = PBXGroup;
			children = (
				9531F5CC1A3801F100EDFBD2 /* AppDelegate.h */,
				9531F5CD1A3801F100EDFBD2 /* AppDelegate.m */,
				9531F5D11A3801F100EDFBD2 /* Images.xcassets */,
				9531F5D31A3801F100EDFBD2 /* MainMenu.xib */,
				9531F5CA1A3801F100EDFBD2 /* Supporting Files */,
			);
			path = CurrencyConverter;
			sourceTree = "<group>";
		};
		9531F5CA1A3801F100EDFBD2 /* Supporting Files */ = {
			isa = PBXGroup;
			children = (
				9531F5CB1A3801F100EDFBD2 /* Info.plist */,
				9531F5CF1A3801F100EDFBD2 /* main.m */,
			);
			name = "Supporting Files";
			sourceTree = "<group>";
		};
		9531F5DD1A3801F100EDFBD2 /* CurrencyConverterTests */ = {
			isa = PBXGroup;
			children = (
				9531F5E01A3801F100EDFBD2 /* CurrencyConverterTests.m */,
				9531F5DE1A3801F100EDFBD2 /* Supporting Files */,
			);
			path = CurrencyConverterTests;
			sourceTree = "<group>";
		};
		9531F5DE1A3801F100EDFBD2 /* Supporting Files */ = {
			isa = PBXGroup;
			children = (
				9531F5DF1A3801F100EDFBD2 /* Info.plist */,
			);
			name = "Supporting Files";
			sourceTree = "<group>";
		};
/* End PBXGroup section */

/* Begin PBXNativeTarget section */
		9531F5C61A3801F100EDFBD2 /* CurrencyConverter */ = {
			isa = PBXNativeTarget;
			buildConfigurationList = 9531F5E41A3801F100EDFBD2 /* Build configuration list for PBXNativeTarget "CurrencyConverter" */;
			buildPhases = (
				9531F5C31A3801F100EDFBD2 /* Sources */,
				9531F5C41A3801F100EDFBD2 /* Frameworks */,
				9531F5C51A3801F100EDFBD2 /* Resources */,
			);
			buildRules = (
			);
			dependencies = (
			);
			name = CurrencyConverter;
			productName = CurrencyConverter;
			productReference = 9531F5C71A3801F100EDFBD2 /* CurrencyConverter.app */;
			productType = "com.apple.product-type.application";
		};
		9531F5D91A3801F100EDFBD2 /* CurrencyConverterTests */ = {
			isa = PBXNativeTarget;
			buildConfigurationList = 9531F5E71A3801F100EDFBD2 /* Build configuration list for PBXNativeTarget "CurrencyConverterTests" */;
			buildPhases = (
				9531F5D61A3801F100EDFBD2 /* Sources */,
				9531F5D71A3801F100EDFBD2 /* Frameworks */,
				9531F5D81A3801F100EDFBD2 /* Resources */,
			);
			buildRules = (
			);
			dependencies = (
				9531F5DC1A3801F100EDFBD2 /* PBXTargetDependency */,
			);
			name = CurrencyConverterTests;
			productName = CurrencyConverterTests;
			productReference = 9531F5DA1A3801F100EDFBD2 /* CurrencyConverterTests.xctest */;
			productType = "com.apple.product-type.bundle.unit-test";
		};
/* End PBXNativeTarget section */

/* Begin PBXProject section */
		9531F5BF1A3801F100EDFBD2 /* Project object */ = {
			isa = PBXProject;
			attributes = {
				LastUpgradeCheck = 0610;
				ORGANIZATIONNAME = "My Name";
				TargetAttributes = {
					9531F5C61A3801F100EDFBD2 = {
						CreatedOnToolsVersion = 6.1.1;
					};
					9531F5D91A3801F100EDFBD2 = {
						CreatedOnToolsVersion = 6.1.1;
						TestTargetID = 9531F5C61A3801F100EDFBD2;
					};
				};
			};
			buildConfigurationList = 9531F5C21A3801F100EDFBD2 /* Build configuration list for PBXProject "CurrencyConverter" */;
			compatibilityVersion = "Xcode 3.2";
			developmentRegion = English;
			hasScannedForEncodings = 0;
			knownRegions = (
				en,
				Base,
			);
			mainGroup = 9531F5BE1A3801F100EDFBD2;
			productRefGroup = 9531F5C81A3801F100EDFBD2 /* Products */;
			projectDirPath = "";
			projectRoot = "";
			targets = (
				9531F5C61A3801F100EDFBD2 /* CurrencyConverter */,
				9531F5D91A3801F100EDFBD2 /* CurrencyConverterTests */,
			);
		};
/* End PBXProject section */

/* Begin PBXResourcesBuildPhase section */
		9531F5C51A3801F100EDFBD2 /* Resources */ = {
			isa = PBXResourcesBuildPhase;
			buildActionMask = 2147483647;
			files = (
				9531F5D21A3801F100EDFBD2 /* Images.xcassets in Resources */,
				9531F5D51A3801F100EDFBD2 /* MainMenu.xib in Resources */,
			);
			runOnlyForDeploymentPostprocessing = 0;
		};
		9531F5D81A3801F100EDFBD2 /* Resources */ = {
			isa = PBXResourcesBuildPhase;
			buildActionMask = 2147483647;
			files = (
			);
			runOnlyForDeploymentPostprocessing = 0;
		};
/* End PBXResourcesBuildPhase section */

/* Begin PBXSourcesBuildPhase section */
		9531F5C31A3801F100EDFBD2 /* Sources */ = {
			isa = PBXSourcesBuildPhase;
			buildActionMask = 2147483647;
			files = (
				9531F5D01A3801F100EDFBD2 /* main.m in Sources */,
				9531F5CE1A3801F100EDFBD2 /* AppDelegate.m in Sources */,
			);
			runOnlyForDeploymentPostprocessing = 0;
		};
		9531F5D61A3801F100EDFBD2 /* Sources */ = {
			isa = PBXSourcesBuildPhase;
			buildActionMask = 2147483647;
			files = (
				9531F5E11A3801F100EDFBD2 /* CurrencyConverterTests.m in Sources */,
			);
			runOnlyForDeploymentPostprocessing = 0;
		};
/* End PBXSourcesBuildPhase section */

/* Begin PBXTargetDependency section */
		9531F5DC1A3801F100EDFBD2 /* PBXTargetDependency */ = {
			isa = PBXTargetDependency;
			target = 9531F5C61A3801F100EDFBD2 /* CurrencyConverter */;
			targetProxy = 9531F5DB1A3801F100EDFBD2 /* PBXContainerItemProxy */;
		};
/* End PBXTargetDependency section */

/* Begin PBXVariantGroup section */
		9531F5D31A3801F100EDFBD2 /* MainMenu.xib */ = {
			isa = PBXVariantGroup;
			children = (
				9531F5D41A3801F100EDFBD2 /* Base */,
			);
			name = MainMenu.xib;
			sourceTree = "<group>";
		};
/* End PBXVariantGroup section */

/* Begin XCBuildConfiguration section */
		9531F5E21A3801F100EDFBD2 /* Debug */ = {
			isa = XCBuildConfiguration;
			buildSettings = {
				ALWAYS_SEARCH_USER_PATHS = NO;
				CLANG_CXX_LANGUAGE_STANDARD = "gnu++0x";
				CLANG_CXX_LIBRARY = "libc++";
				CLANG_ENABLE_MODULES = YES;
				CLANG_ENABLE_OBJC_ARC = YES;
				CLANG_WARN_BOOL_CONVERSION = YES;
				CLANG_WARN_CONSTANT_CONVERSION = YES;
				CLANG_WARN_DIRECT_OBJC_ISA_USAGE = YES_ERROR;
				CLANG_WARN_EMPTY_BODY = YES;
				CLANG_WARN_ENUM_CONVERSION = YES;
				CLANG_WARN_INT_CONVERSION = YES;
				CLANG_WARN_OBJC_ROOT_CLASS = YES_ERROR;
				CLANG_WARN_UNREACHABLE_CODE = YES;
				CLANG_WARN__DUPLICATE_METHOD_MATCH = YES;
				CODE_SIGN_IDENTITY = "-";
				COPY_PHASE_STRIP = NO;
				ENABLE_STRICT_OBJC_MSGSEND = YES;
				GCC_C_LANGUAGE_STANDARD = gnu99;
				GCC_DYNAMIC_NO_PIC = NO;
				GCC_OPTIMIZATION_LEVEL = 0;
				GCC_PREPROCESSOR_DEFINITIONS = (
					"DEBUG=1",
					"$(inherited)",
				);
				GCC_SYMBOLS_PRIVATE_EXTERN = NO;
				GCC_WARN_64_TO_32_BIT_CONVERSION = YES;
				GCC_WARN_ABOUT_RETURN_TYPE = YES_ERROR;
				GCC_WARN_UNDECLARED_SELECTOR = YES;
				GCC_WARN_UNINITIALIZED_AUTOS = YES_AGGRESSIVE;
				GCC_WARN_UNUSED_FUNCTION = YES;
				GCC_WARN_UNUSED_VARIABLE = YES;
				MACOSX_DEPLOYMENT_TARGET = 10.9;
				MTL_ENABLE_DEBUG_INFO = YES;
				ONLY_ACTIVE_ARCH = YES;
				SDKROOT = macosx;
			};
			name = Debug;
		};
		9531F5E31A3801F100EDFBD2 /* Release */ = {
			isa = XCBuildConfiguration;
			buildSettings = {
				ALWAYS_SEARCH_USER_PATHS = NO;
				CLANG_CXX_LANGUAGE_STANDARD = "gnu++0x";
				CLANG_CXX_LIBRARY = "libc++";
				CLANG_ENABLE_MODULES = YES;
				CLANG_ENABLE_OBJC_ARC = YES;
				CLANG_WARN_BOOL_CONVERSION = YES;
				CLANG_WARN_CONSTANT_CONVERSION = YES;
				CLANG_WARN_DIRECT_OBJC_ISA_USAGE = YES_ERROR;
				CLANG_WARN_EMPTY_BODY = YES;
				CLANG_WARN_ENUM_CONVERSION = YES;
				CLANG_WARN_INT_CONVERSION = YES;
				CLANG_WARN_OBJC_ROOT_CLASS = YES_ERROR;
				CLANG_WARN_UNREACHABLE_CODE = YES;
				CLANG_WARN__DUPLICATE_METHOD_MATCH = YES;
				CODE_SIGN_IDENTITY = "-";
				COPY_PHASE_STRIP = YES;
				DEBUG_INFORMATION_FORMAT = "dwarf-with-dsym";
				ENABLE_NS_ASSERTIONS = NO;
				ENABLE_STRICT_OBJC_MSGSEND = YES;
				GCC_C_LANGUAGE_STANDARD = gnu99;
				GCC_WARN_64_TO_32_BIT_CONVERSION = YES;
				GCC_WARN_ABOUT_RETURN_TYPE = YES_ERROR;
				GCC_WARN_UNDECLARED_SELECTOR = YES;
				GCC_WARN_UNINITIALIZED_AUTOS = YES_AGGRESSIVE;
				GCC_WARN_UNUSED_FUNCTION = YES;
				GCC_WARN_UNUSED_VARIABLE = YES;
				MACOSX_DEPLOYMENT_TARGET = 10.9;
				MTL_ENABLE_DEBUG_INFO = NO;
				SDKROOT = macosx;
			};
			name = Release;
		};
		9531F5E51A3801F100EDFBD2 /* Debug */ = {
			isa = XCBuildConfiguration;
			buildSettings = {
				ASSETCATALOG_COMPILER_APPICON_NAME = AppIcon;
				COMBINE_HIDPI_IMAGES = YES;
				INFOPLIST_FILE = CurrencyConverter/Info.plist;
				LD_RUNPATH_SEARCH_PATHS = "$(inherited) @executable_path/../Frameworks";
				PRODUCT_NAME = "$(TARGET_NAME)";
			};
			name = Debug;
		};
		9531F5E61A3801F100EDFBD2 /* Release */ = {
			isa = XCBuildConfiguration;
			buildSettings = {
				ASSETCATALOG_COMPILER_APPICON_NAME = AppIcon;
				COMBINE_HIDPI_IMAGES = YES;
				INFOPLIST_FILE = CurrencyConverter/Info.plist;
				LD_RUNPATH_SEARCH_PATHS = "$(inherited) @executable_path/../Frameworks";
				ONLY_ACTIVE_ARCH = NO;
				PRODUCT_NAME = "$(TARGET_NAME)";
			};
			name = Release;
		};
		9531F5E81A3801F100EDFBD2 /* Debug */ = {
			isa = XCBuildConfiguration;
			buildSettings = {
				BUNDLE_LOADER = "$(TEST_HOST)";
				COMBINE_HIDPI_IMAGES = YES;
				FRAMEWORK_SEARCH_PATHS = (
					"$(DEVELOPER_FRAMEWORKS_DIR)",
					"$(inherited)",
				);
				GCC_PREPROCESSOR_DEFINITIONS = (
					"DEBUG=1",
					"$(inherited)",
				);
				INFOPLIST_FILE = CurrencyConverterTests/Info.plist;
				LD_RUNPATH_SEARCH_PATHS = "$(inherited) @executable_path/../Frameworks @loader_path/../Frameworks";
				PRODUCT_NAME = "$(TARGET_NAME)";
				TEST_HOST = "$(BUILT_PRODUCTS_DIR)/CurrencyConverter.app/Contents/MacOS/CurrencyConverter";
			};
			name = Debug;
		};
		9531F5E91A3801F100EDFBD2 /* Release */ = {
			isa = XCBuildConfiguration;
			buildSettings = {
				BUNDLE_LOADER = "$(TEST_HOST)";
				COMBINE_HIDPI_IMAGES = YES;
				FRAMEWORK_SEARCH_PATHS = (
					"$(DEVELOPER_FRAMEWORKS_DIR)",
					"$(inherited)",
				);
				INFOPLIST_FILE = CurrencyConverterTests/Info.plist;
				LD_RUNPATH_SEARCH_PATHS = "$(inherited) @executable_path/../Frameworks @loader_path/../Frameworks";
				PRODUCT_NAME = "$(TARGET_NAME)";
				TEST_HOST = "$(BUILT_PRODUCTS_DIR)/CurrencyConverter.app/Contents/MacOS/CurrencyConverter";
			};
			name = Release;
		};
/* End XCBuildConfiguration section */

/* Begin XCConfigurationList section */
		9531F5C21A3801F100EDFBD2 /* Build configuration list for PBXProject "CurrencyConverter" */ = {
			isa = XCConfigurationList;
			buildConfigurations = (
				9531F5E21A3801F100EDFBD2 /* Debug */,
				9531F5E31A3801F100EDFBD2 /* Release */,
			);
			defaultConfigurationIsVisible = 0;
			defaultConfigurationName = Release;
		};
		9531F5E41A3801F100EDFBD2 /* Build configuration list for PBXNativeTarget "CurrencyConverter" */ = {
			isa = XCConfigurationList;
			buildConfigurations = (
				9531F5E51A3801F100EDFBD2 /* Debug */,
				9531F5E61A3801F100EDFBD2 /* Release */,
			);
			defaultConfigurationIsVisible = 0;
		};
		9531F5E71A3801F100EDFBD2 /* Build configuration list for PBXNativeTarget "CurrencyConverterTests" */ = {
			isa = XCConfigurationList;
			buildConfigurations = (
				9531F5E81A3801F100EDFBD2 /* Debug */,
				9531F5E91A3801F100EDFBD2 /* Release */,
			);
			defaultConfigurationIsVisible = 0;
		};
/* End XCConfigurationList section */
	};
	rootObject = 9531F5BF1A3801F100EDFBD2 /* Project object */;
}
